
Microsoft Visual Studio Solution File, Format Version 12.00
Project("{FAE04EC0-301F-11D3-BF4B-00C04F79EFBC}") = "Ehelse.Mapping", "Ehelse.Mapping\Ehelse.Mapping.csproj", "{254447FE-F045-4216-AE5B-0BC42A127DE7}"
EndProject
Global
	GlobalSection(SolutionConfigurationPlatforms) = preSolution
		Debug|Any CPU = Debug|Any CPU
		Release|Any CPU = Release|Any CPU
	EndGlobalSection
	GlobalSection(ProjectConfigurationPlatforms) = postSolution
		{254447FE-F045-4216-AE5B-0BC42A127DE7}.Debug|Any CPU.ActiveCfg = Debug|Any CPU
		{254447FE-F045-4216-AE5B-0BC42A127DE7}.Debug|Any CPU.Build.0 = Debug|Any CPU
		{254447FE-F045-4216-AE5B-0BC42A127DE7}.Release|Any CPU.ActiveCfg = Release|Any CPU
		{254447FE-F045-4216-AE5B-0BC42A127DE7}.Release|Any CPU.Build.0 = Release|Any CPU
	EndGlobalSection
EndGlobal
